
Microsoft Visual Studio Solution File, Format Version 12.00
# Visual Studio Version 17
VisualStudioVersion = 17.0.31903.59
MinimumVisualStudioVersion = 10.0.40219.1
Project("{9A19103F-16F7-4668-BE54-9A1E7A4F7556}") = "ConsoleApp1", "ConsoleApp1\ConsoleApp1.csproj", "{31341BA7-90D6-42A6-874C-FAF24102B1FF}"
EndProject
Project("{9A19103F-16F7-4668-BE54-9A1E7A4F7556}") = "strategy", "strategy\strategy.csproj", "{BC64B2F4-0F46-4F33-83F4-5C035B4DBE31}"
EndProject
Project("{9A19103F-16F7-4668-BE54-9A1E7A4F7556}") = "card", "card\card.csproj", "{DEFB6C42-9737-447E-A6A1-FED8DD96F15D}"
EndProject
Project("{9A19103F-16F7-4668-BE54-9A1E7A4F7556}") = "AppTests", "AppTests\AppTests.csproj", "{BF5B89B4-FC60-4F78-9DA7-57653322856B}"
EndProject
Project("{9A19103F-16F7-4668-BE54-9A1E7A4F7556}") = "Db", "Db\Db.csproj", "{0DDC48DD-0353-444E-BA1E-4462D5FA1A48}"
EndProject
Project("{9A19103F-16F7-4668-BE54-9A1E7A4F7556}") = "Player", "Player\Player.csproj", "{0FD6A6E7-2E97-466B-A251-DDFEC2D5D4E8}"
EndProject
Project("{9A19103F-16F7-4668-BE54-9A1E7A4F7556}") = "Gods", "Gods\Gods.csproj", "{C2E7F4D8-8A23-4B2D-9ADE-063ABD0028DB}"
EndProject
Project("{9A19103F-16F7-4668-BE54-9A1E7A4F7556}") = "Elon", "Elon\Elon.csproj", "{4209856E-6A59-4540-94AB-EA8A13B13BD8}"
EndProject
Project("{9A19103F-16F7-4668-BE54-9A1E7A4F7556}") = "Mark", "Mark\Mark.csproj", "{399709CB-9B0B-4F75-9160-6880C8D83A43}"
EndProject
Project("{9A19103F-16F7-4668-BE54-9A1E7A4F7556}") = "GodRabbit", "GodRebbit\GodRabbit.csproj", "{0E1D567F-4FC2-4732-9F9A-338DA548B7C6}"
EndProject
Global
	GlobalSection(SolutionConfigurationPlatforms) = preSolution
		Debug|Any CPU = Debug|Any CPU
		Release|Any CPU = Release|Any CPU
	EndGlobalSection
	GlobalSection(ProjectConfigurationPlatforms) = postSolution
		{31341BA7-90D6-42A6-874C-FAF24102B1FF}.Debug|Any CPU.ActiveCfg = Debug|Any CPU
		{31341BA7-90D6-42A6-874C-FAF24102B1FF}.Debug|Any CPU.Build.0 = Debug|Any CPU
		{31341BA7-90D6-42A6-874C-FAF24102B1FF}.Release|Any CPU.ActiveCfg = Release|Any CPU
		{31341BA7-90D6-42A6-874C-FAF24102B1FF}.Release|Any CPU.Build.0 = Release|Any CPU
		{BC64B2F4-0F46-4F33-83F4-5C035B4DBE31}.Debug|Any CPU.ActiveCfg = Debug|Any CPU
		{BC64B2F4-0F46-4F33-83F4-5C035B4DBE31}.Debug|Any CPU.Build.0 = Debug|Any CPU
		{BC64B2F4-0F46-4F33-83F4-5C035B4DBE31}.Release|Any CPU.ActiveCfg = Release|Any CPU
		{BC64B2F4-0F46-4F33-83F4-5C035B4DBE31}.Release|Any CPU.Build.0 = Release|Any CPU
		{DEFB6C42-9737-447E-A6A1-FED8DD96F15D}.Debug|Any CPU.ActiveCfg = Debug|Any CPU
		{DEFB6C42-9737-447E-A6A1-FED8DD96F15D}.Debug|Any CPU.Build.0 = Debug|Any CPU
		{DEFB6C42-9737-447E-A6A1-FED8DD96F15D}.Release|Any CPU.ActiveCfg = Release|Any CPU
		{DEFB6C42-9737-447E-A6A1-FED8DD96F15D}.Release|Any CPU.Build.0 = Release|Any CPU
		{BF5B89B4-FC60-4F78-9DA7-57653322856B}.Debug|Any CPU.ActiveCfg = Debug|Any CPU
		{BF5B89B4-FC60-4F78-9DA7-57653322856B}.Debug|Any CPU.Build.0 = Debug|Any CPU
		{BF5B89B4-FC60-4F78-9DA7-57653322856B}.Release|Any CPU.ActiveCfg = Release|Any CPU
		{BF5B89B4-FC60-4F78-9DA7-57653322856B}.Release|Any CPU.Build.0 = Release|Any CPU
		{0DDC48DD-0353-444E-BA1E-4462D5FA1A48}.Debug|Any CPU.ActiveCfg = Debug|Any CPU
		{0DDC48DD-0353-444E-BA1E-4462D5FA1A48}.Debug|Any CPU.Build.0 = Debug|Any CPU
		{0DDC48DD-0353-444E-BA1E-4462D5FA1A48}.Release|Any CPU.ActiveCfg = Release|Any CPU
		{0DDC48DD-0353-444E-BA1E-4462D5FA1A48}.Release|Any CPU.Build.0 = Release|Any CPU
		{0FD6A6E7-2E97-466B-A251-DDFEC2D5D4E8}.Debug|Any CPU.ActiveCfg = Debug|Any CPU
		{0FD6A6E7-2E97-466B-A251-DDFEC2D5D4E8}.Debug|Any CPU.Build.0 = Debug|Any CPU
		{0FD6A6E7-2E97-466B-A251-DDFEC2D5D4E8}.Release|Any CPU.ActiveCfg = Release|Any CPU
		{0FD6A6E7-2E97-466B-A251-DDFEC2D5D4E8}.Release|Any CPU.Build.0 = Release|Any CPU
		{C2E7F4D8-8A23-4B2D-9ADE-063ABD0028DB}.Debug|Any CPU.ActiveCfg = Debug|Any CPU
		{C2E7F4D8-8A23-4B2D-9ADE-063ABD0028DB}.Debug|Any CPU.Build.0 = Debug|Any CPU
		{C2E7F4D8-8A23-4B2D-9ADE-063ABD0028DB}.Release|Any CPU.ActiveCfg = Release|Any CPU
		{C2E7F4D8-8A23-4B2D-9ADE-063ABD0028DB}.Release|Any CPU.Build.0 = Release|Any CPU
		{4209856E-6A59-4540-94AB-EA8A13B13BD8}.Debug|Any CPU.ActiveCfg = Debug|Any CPU
		{4209856E-6A59-4540-94AB-EA8A13B13BD8}.Debug|Any CPU.Build.0 = Debug|Any CPU
		{4209856E-6A59-4540-94AB-EA8A13B13BD8}.Release|Any CPU.ActiveCfg = Release|Any CPU
		{4209856E-6A59-4540-94AB-EA8A13B13BD8}.Release|Any CPU.Build.0 = Release|Any CPU
		{399709CB-9B0B-4F75-9160-6880C8D83A43}.Debug|Any CPU.ActiveCfg = Debug|Any CPU
		{399709CB-9B0B-4F75-9160-6880C8D83A43}.Debug|Any CPU.Build.0 = Debug|Any CPU
		{399709CB-9B0B-4F75-9160-6880C8D83A43}.Release|Any CPU.ActiveCfg = Release|Any CPU
		{399709CB-9B0B-4F75-9160-6880C8D83A43}.Release|Any CPU.Build.0 = Release|Any CPU
		{0E1D567F-4FC2-4732-9F9A-338DA548B7C6}.Debug|Any CPU.ActiveCfg = Debug|Any CPU
		{0E1D567F-4FC2-4732-9F9A-338DA548B7C6}.Debug|Any CPU.Build.0 = Debug|Any CPU
		{0E1D567F-4FC2-4732-9F9A-338DA548B7C6}.Release|Any CPU.ActiveCfg = Release|Any CPU
		{0E1D567F-4FC2-4732-9F9A-338DA548B7C6}.Release|Any CPU.Build.0 = Release|Any CPU
	EndGlobalSection
	GlobalSection(SolutionProperties) = preSolution
		HideSolutionNode = FALSE
	EndGlobalSection
	GlobalSection(ExtensibilityGlobals) = postSolution
		SolutionGuid = {A7D925FD-3B00-4380-A784-8552782D4706}
	EndGlobalSection
EndGlobal
